{
  "name": "新文件夹3：03",
  "lockfileVersion": 3,
  "requires": true,
  "packages": {
    "": {
      "dependencies": {
        "konva": "^10.0.8"
      }
    },
    "node_modules/konva": {
      "version": "10.0.8",
      "resolved": "https://registry.npmjs.org/konva/-/konva-10.0.8.tgz",
      "integrity": "sha512-kQqErBIj2mR/srYDheRD2hq5v0gkwqoJZvbPz3DhCcyRNJfMEnd/AzLhWz2f567BB9vtL2p2EqKwI6n+MyM9Hw==",
      "funding": [
        {
          "type": "patreon",
          "url": "https://www.patreon.com/lavrton"
        },
        {
          "type": "opencollective",
          "url": "https://opencollective.com/konva"
        },
        {
          "type": "github",
          "url": "https://github.com/sponsors/lavrton"
        }
      ],
      "license": "MIT"
    }
  }
}
